// !$*UTF8*$!
{
	archiveVersion = 1;
	classes = {
	};
	objectVersion = 46;
	objects = {

/* Begin PBXBuildFile section */
		14F246A996119C7F98020845 /* libPods.a in Frameworks */ = {isa = PBXBuildFile; fileRef = 70B8FB7A0941E87600245D53 /* libPods.a */; };
		5BE5C4CF1BAE1856009CC720 /* main.m in Sources */ = {isa = PBXBuildFile; fileRef = 5BE5C4CE1BAE1856009CC720 /* main.m */; };
		5BE5C4D21BAE1856009CC720 /* AppDelegate.m in Sources */ = {isa = PBXBuildFile; fileRef = 5BE5C4D11BAE1856009CC720 /* AppDelegate.m */; };
		5BE5C4D51BAE1856009CC720 /* ViewController.m in Sources */ = {isa = PBXBuildFile; fileRef = 5BE5C4D41BAE1856009CC720 /* ViewController.m */; };
		5BE5C4D81BAE1856009CC720 /* Main.storyboard in Resources */ = {isa = PBXBuildFile; fileRef = 5BE5C4D61BAE1856009CC720 /* Main.storyboard */; };
		5BE5C4DA1BAE1856009CC720 /* Assets.xcassets in Resources */ = {isa = PBXBuildFile; fileRef = 5BE5C4D91BAE1856009CC720 /* Assets.xcassets */; };
		5BE5C4DD1BAE1856009CC720 /* LaunchScreen.storyboard in Resources */ = {isa = PBXBuildFile; fileRef = 5BE5C4DB1BAE1856009CC720 /* LaunchScreen.storyboard */; };
/* End PBXBuildFile section */

/* Begin PBXFileReference section */
		5BE5C4CA1BAE1856009CC720 /* VinliCloudbrain.app */ = {isa = PBXFileReference; explicitFileType = wrapper.application; includeInIndex = 0; path = VinliCloudbrain.app; sourceTree = BUILT_PRODUCTS_DIR; };
		5BE5C4CE1BAE1856009CC720 /* main.m */ = {isa = PBXFileReference; lastKnownFileType = sourcecode.c.objc; path = main.m; sourceTree = "<group>"; };
		5BE5C4D01BAE1856009CC720 /* AppDelegate.h */ = {isa = PBXFileReference; lastKnownFileType = sourcecode.c.h; path = AppDelegate.h; sourceTree = "<group>"; };
		5BE5C4D11BAE1856009CC720 /* AppDelegate.m */ = {isa = PBXFileReference; lastKnownFileType = sourcecode.c.objc; path = AppDelegate.m; sourceTree = "<group>"; };
		5BE5C4D31BAE1856009CC720 /* ViewController.h */ = {isa = PBXFileReference; lastKnownFileType = sourcecode.c.h; path = ViewController.h; sourceTree = "<group>"; };
		5BE5C4D41BAE1856009CC720 /* ViewController.m */ = {isa = PBXFileReference; lastKnownFileType = sourcecode.c.objc; path = ViewController.m; sourceTree = "<group>"; };
		5BE5C4D71BAE1856009CC720 /* Base */ = {isa = PBXFileReference; lastKnownFileType = file.storyboard; name = Base; path = Base.lproj/Main.storyboard; sourceTree = "<group>"; };
		5BE5C4D91BAE1856009CC720 /* Assets.xcassets */ = {isa = PBXFileReference; lastKnownFileType = folder.assetcatalog; path = Assets.xcassets; sourceTree = "<group>"; };
		5BE5C4DC1BAE1856009CC720 /* Base */ = {isa = PBXFileReference; lastKnownFileType = file.storyboard; name = Base; path = Base.lproj/LaunchScreen.storyboard; sourceTree = "<group>"; };
		5BE5C4DE1BAE1856009CC720 /* Info.plist */ = {isa = PBXFileReference; lastKnownFileType = text.plist.xml; path = Info.plist; sourceTree = "<group>"; };
		70B8FB7A0941E87600245D53 /* libPods.a */ = {isa = PBXFileReference; explicitFileType = archive.ar; includeInIndex = 0; path = libPods.a; sourceTree = BUILT_PRODUCTS_DIR; };
		78D820038742EF06ED799DFF /* Pods.debug.xcconfig */ = {isa = PBXFileReference; includeInIndex = 1; lastKnownFileType = text.xcconfig; name = Pods.debug.xcconfig; path = "Pods/Target Support Files/Pods/Pods.debug.xcconfig"; sourceTree = "<group>"; };
		A7D4B9BF76E318091B4021B3 /* Pods.release.xcconfig */ = {isa = PBXFileReference; includeInIndex = 1; lastKnownFileType = text.xcconfig; name = Pods.release.xcconfig; path = "Pods/Target Support Files/Pods/Pods.release.xcconfig"; sourceTree = "<group>"; };
/* End PBXFileReference section */

/* Begin PBXFrameworksBuildPhase section */
		5BE5C4C71BAE1856009CC720 /* Frameworks */ = {
			isa = PBXFrameworksBuildPhase;
			buildActionMask = 2147483647;
			files = (
				14F246A996119C7F98020845 /* libPods.a in Frameworks */,
			);
			runOnlyForDeploymentPostprocessing = 0;
		};
/* End PBXFrameworksBuildPhase section */

/* Begin PBXGroup section */
		5BE5C4C11BAE1856009CC720 = {
			isa = PBXGroup;
			children = (
				5BE5C4CC1BAE1856009CC720 /* VinliCloudbrain */,
				5BE5C4CB1BAE1856009CC720 /* Products */,
				6FE6788930563C89EDE6AC44 /* Pods */,
				5C41525A9C0FA849290EB63D /* Frameworks */,
			);
			sourceTree = "<group>";
		};
		5BE5C4CB1BAE1856009CC720 /* Products */ = {
			isa = PBXGroup;
			children = (
				5BE5C4CA1BAE1856009CC720 /* VinliCloudbrain.app */,
			);
			name = Products;
			sourceTree = "<group>";
		};
		5BE5C4CC1BAE1856009CC720 /* VinliCloudbrain */ = {
			isa = PBXGroup;
			children = (
				5BE5C4D01BAE1856009CC720 /* AppDelegate.h */,
				5BE5C4D11BAE1856009CC720 /* AppDelegate.m */,
				5BE5C4D31BAE1856009CC720 /* ViewController.h */,
				5BE5C4D41BAE1856009CC720 /* ViewController.m */,
				5BE5C4D61BAE1856009CC720 /* Main.storyboard */,
				5BE5C4D91BAE1856009CC720 /* Assets.xcassets */,
				5BE5C4DB1BAE1856009CC720 /* LaunchScreen.storyboard */,
				5BE5C4DE1BAE1856009CC720 /* Info.plist */,
				5BE5C4CD1BAE1856009CC720 /* Supporting Files */,
			);
			path = VinliCloudbrain;
			sourceTree = "<group>";
		};
		5BE5C4CD1BAE1856009CC720 /* Supporting Files */ = {
			isa = PBXGroup;
			children = (
				5BE5C4CE1BAE1856009CC720 /* main.m */,
			);
			name = "Supporting Files";
			sourceTree = "<group>";
		};
		5C41525A9C0FA849290EB63D /* Frameworks */ = {
			isa = PBXGroup;
			children = (
				70B8FB7A0941E87600245D53 /* libPods.a */,
			);
			name = Frameworks;
			sourceTree = "<group>";
		};
		6FE6788930563C89EDE6AC44 /* Pods */ = {
			isa = PBXGroup;
			children = (
				78D820038742EF06ED799DFF /* Pods.debug.xcconfig */,
				A7D4B9BF76E318091B4021B3 /* Pods.release.xcconfig */,
			);
			name = Pods;
			sourceTree = "<group>";
		};
/* End PBXGroup section */

/* Begin PBXNativeTarget section */
		5BE5C4C91BAE1856009CC720 /* VinliCloudbrain */ = {
			isa = PBXNativeTarget;
			buildConfigurationList = 5BE5C4E11BAE1856009CC720 /* Build configuration list for PBXNativeTarget "VinliCloudbrain" */;
			buildPhases = (
				1BBA17178F45F66937BC92EF /* Check Pods Manifest.lock */,
				5BE5C4C61BAE1856009CC720 /* Sources */,
				5BE5C4C71BAE1856009CC720 /* Frameworks */,
				5BE5C4C81BAE1856009CC720 /* Resources */,
				063B187FF6938493D7760DDC /* Copy Pods Resources */,
			);
			buildRules = (
			);
			dependencies = (
			);
			name = VinliCloudbrain;
			productName = VinliCloudbrain;
			productReference = 5BE5C4CA1BAE1856009CC720 /* VinliCloudbrain.app */;
			productType = "com.apple.product-type.application";
		};
/* End PBXNativeTarget section */

/* Begin PBXProject section */
		5BE5C4C21BAE1856009CC720 /* Project object */ = {
			isa = PBXProject;
			attributes = {
				LastUpgradeCheck = 0700;
				ORGANIZATIONNAME = hackership;
				TargetAttributes = {
					5BE5C4C91BAE1856009CC720 = {
						CreatedOnToolsVersion = 7.0;
						DevelopmentTeam = ADF49HZESY;
					};
				};
			};
			buildConfigurationList = 5BE5C4C51BAE1856009CC720 /* Build configuration list for PBXProject "VinliCloudbrain" */;
			compatibilityVersion = "Xcode 3.2";
			developmentRegion = English;
			hasScannedForEncodings = 0;
			knownRegions = (
				en,
				Base,
			);
			mainGroup = 5BE5C4C11BAE1856009CC720;
			productRefGroup = 5BE5C4CB1BAE1856009CC720 /* Products */;
			projectDirPath = "";
			projectRoot = "";
			targets = (
				5BE5C4C91BAE1856009CC720 /* VinliCloudbrain */,
			);
		};
/* End PBXProject section */

/* Begin PBXResourcesBuildPhase section */
		5BE5C4C81BAE1856009CC720 /* Resources */ = {
			isa = PBXResourcesBuildPhase;
			buildActionMask = 2147483647;
			files = (
				5BE5C4DD1BAE1856009CC720 /* LaunchScreen.storyboard in Resources */,
				5BE5C4DA1BAE1856009CC720 /* Assets.xcassets in Resources */,
				5BE5C4D81BAE1856009CC720 /* Main.storyboard in Resources */,
			);
			runOnlyForDeploymentPostprocessing = 0;
		};
/* End PBXResourcesBuildPhase section */

/* Begin PBXShellScriptBuildPhase section */
		063B187FF6938493D7760DDC /* Copy Pods Resources */ = {
			isa = PBXShellScriptBuildPhase;
			buildActionMask = 2147483647;
			files = (
			);
			inputPaths = (
			);
			name = "Copy Pods Resources";
			outputPaths = (
			);
			runOnlyForDeploymentPostprocessing = 0;
			shellPath = /bin/sh;
			shellScript = "\"${SRCROOT}/Pods/Target Support Files/Pods/Pods-resources.sh\"\n";
			showEnvVarsInLog = 0;
		};
		1BBA17178F45F66937BC92EF /* Check Pods Manifest.lock */ = {
			isa = PBXShellScriptBuildPhase;
			buildActionMask = 2147483647;
			files = (
			);
			inputPaths = (
			);
			name = "Check Pods Manifest.lock";
			outputPaths = (
			);
			runOnlyForDeploymentPostprocessing = 0;
			shellPath = /bin/sh;
			shellScript = "diff \"${PODS_ROOT}/../Podfile.lock\" \"${PODS_ROOT}/Manifest.lock\" > /dev/null\nif [[ $? != 0 ]] ; then\n    cat << EOM\nerror: The sandbox is not in sync with the Podfile.lock. Run 'pod install' or update your CocoaPods installation.\nEOM\n    exit 1\nfi\n";
			showEnvVarsInLog = 0;
		};
/* End PBXShellScriptBuildPhase section */

/* Begin PBXSourcesBuildPhase section */
		5BE5C4C61BAE1856009CC720 /* Sources */ = {
			isa = PBXSourcesBuildPhase;
			buildActionMask = 2147483647;
			files = (
				5BE5C4D51BAE1856009CC720 /* ViewController.m in Sources */,
				5BE5C4D21BAE1856009CC720 /* AppDelegate.m in Sources */,
				5BE5C4CF1BAE1856009CC720 /* main.m in Sources */,
			);
			runOnlyForDeploymentPostprocessing = 0;
		};
/* End PBXSourcesBuildPhase section */

/* Begin PBXVariantGroup section */
		5BE5C4D61BAE1856009CC720 /* Main.storyboard */ = {
			isa = PBXVariantGroup;
			children = (
				5BE5C4D71BAE1856009CC720 /* Base */,
			);
			name = Main.storyboard;
			sourceTree = "<group>";
		};
		5BE5C4DB1BAE1856009CC720 /* LaunchScreen.storyboard */ = {
			isa = PBXVariantGroup;
			children = (
				5BE5C4DC1BAE1856009CC720 /* Base */,
			);
			name = LaunchScreen.storyboard;
			sourceTree = "<group>";
		};
/* End PBXVariantGroup section */

/* Begin XCBuildConfiguration section */
		5BE5C4DF1BAE1856009CC720 /* Debug */ = {
			isa = XCBuildConfiguration;
			buildSettings = {
				ALWAYS_SEARCH_USER_PATHS = NO;
				CLANG_CXX_LANGUAGE_STANDARD = "gnu++0x";
				CLANG_CXX_LIBRARY = "libc++";
				CLANG_ENABLE_MODULES = YES;
				CLANG_ENABLE_OBJC_ARC = YES;
				CLANG_WARN_BOOL_CONVERSION = YES;
				CLANG_WARN_CONSTANT_CONVERSION = YES;
				CLANG_WARN_DIRECT_OBJC_ISA_USAGE = YES_ERROR;
				CLANG_WARN_EMPTY_BODY = YES;
				CLANG_WARN_ENUM_CONVERSION = YES;
				CLANG_WARN_INT_CONVERSION = YES;
				CLANG_WARN_OBJC_ROOT_CLASS = YES_ERROR;
				CLANG_WARN_UNREACHABLE_CODE = YES;
				CLANG_WARN__DUPLICATE_METHOD_MATCH = YES;
				"CODE_SIGN_IDENTITY[sdk=iphoneos*]" = "iPhone Developer";
				COPY_PHASE_STRIP = NO;
				DEBUG_INFORMATION_FORMAT = dwarf;
				ENABLE_STRICT_OBJC_MSGSEND = YES;
				ENABLE_TESTABILITY = YES;
				GCC_C_LANGUAGE_STANDARD = gnu99;
				GCC_DYNAMIC_NO_PIC = NO;
				GCC_NO_COMMON_BLOCKS = YES;
				GCC_OPTIMIZATION_LEVEL = 0;
				GCC_PREPROCESSOR_DEFINITIONS = (
					"DEBUG=1",
					"$(inherited)",
				);
				GCC_WARN_64_TO_32_BIT_CONVERSION = YES;
				GCC_WARN_ABOUT_RETURN_TYPE = YES_ERROR;
				GCC_WARN_UNDECLARED_SELECTOR = YES;
				GCC_WARN_UNINITIALIZED_AUTOS = YES_AGGRESSIVE;
				GCC_WARN_UNUSED_FUNCTION = YES;
				GCC_WARN_UNUSED_VARIABLE = YES;
				IPHONEOS_DEPLOYMENT_TARGET = 9.0;
				MTL_ENABLE_DEBUG_INFO = YES;
				ONLY_ACTIVE_ARCH = YES;
				SDKROOT = iphoneos;
			};
			name = Debug;
		};
		5BE5C4E01BAE1856009CC720 /* Release */ = {
			isa = XCBuildConfiguration;
			buildSettings = {
				ALWAYS_SEARCH_USER_PATHS = NO;
				CLANG_CXX_LANGUAGE_STANDARD = "gnu++0x";
				CLANG_CXX_LIBRARY = "libc++";
				CLANG_ENABLE_MODULES = YES;
				CLANG_ENABLE_OBJC_ARC = YES;
				CLANG_WARN_BOOL_CONVERSION = YES;
				CLANG_WARN_CONSTANT_CONVERSION = YES;
				CLANG_WARN_DIRECT_OBJC_ISA_USAGE = YES_ERROR;
				CLANG_WARN_EMPTY_BODY = YES;
				CLANG_WARN_ENUM_CONVERSION = YES;
				CLANG_WARN_INT_CONVERSION = YES;
				CLANG_WARN_OBJC_ROOT_CLASS = YES_ERROR;
				CLANG_WARN_UNREACHABLE_CODE = YES;
				CLANG_WARN__DUPLICATE_METHOD_MATCH = YES;
				"CODE_SIGN_IDENTITY[sdk=iphoneos*]" = "iPhone Developer";
				COPY_PHASE_STRIP = NO;
				DEBUG_INFORMATION_FORMAT = "dwarf-with-dsym";
				ENABLE_NS_ASSERTIONS = NO;
				ENABLE_STRICT_OBJC_MSGSEND = YES;
				GCC_C_LANGUAGE_STANDARD = gnu99;
				GCC_NO_COMMON_BLOCKS = YES;
				GCC_WARN_64_TO_32_BIT_CONVERSION = YES;
				GCC_WARN_ABOUT_RETURN_TYPE = YES_ERROR;
				GCC_WARN_UNDECLARED_SELECTOR = YES;
				GCC_WARN_UNINITIALIZED_AUTOS = YES_AGGRESSIVE;
				GCC_WARN_UNUSED_FUNCTION = YES;
				GCC_WARN_UNUSED_VARIABLE = YES;
				IPHONEOS_DEPLOYMENT_TARGET = 9.0;
				MTL_ENABLE_DEBUG_INFO = NO;
				SDKROOT = iphoneos;
				VALIDATE_PRODUCT = YES;
			};
			name = Release;
		};
		5BE5C4E21BAE1856009CC720 /* Debug */ = {
			isa = XCBuildConfiguration;
			baseConfigurationReference = 78D820038742EF06ED799DFF /* Pods.debug.xcconfig */;
			buildSettings = {
				ASSETCATALOG_COMPILER_APPICON_NAME = AppIcon;
				CODE_SIGN_IDENTITY = "iPhone Developer";
				"CODE_SIGN_IDENTITY[sdk=iphoneos*]" = "iPhone Developer";
				INFOPLIST_FILE = VinliCloudbrain/Info.plist;
				LD_RUNPATH_SEARCH_PATHS = "$(inherited) @executable_path/Frameworks";
				PRODUCT_BUNDLE_IDENTIFIER = dvidsilva.VinliCloudbrain;
				PRODUCT_NAME = "$(TARGET_NAME)";
				PROVISIONING_PROFILE = "";
			};
			name = Debug;
		};
		5BE5C4E31BAE1856009CC720 /* Release */ = {
			isa = XCBuildConfiguration;
			baseConfigurationReference = A7D4B9BF76E318091B4021B3 /* Pods.release.xcconfig */;
			buildSettings = {
				ASSETCATALOG_COMPILER_APPICON_NAME = AppIcon;
				CODE_SIGN_IDENTITY = "iPhone Developer";
				"CODE_SIGN_IDENTITY[sdk=iphoneos*]" = "iPhone Developer";
				INFOPLIST_FILE = VinliCloudbrain/Info.plist;
				LD_RUNPATH_SEARCH_PATHS = "$(inherited) @executable_path/Frameworks";
				PRODUCT_BUNDLE_IDENTIFIER = dvidsilva.VinliCloudbrain;
				PRODUCT_NAME = "$(TARGET_NAME)";
				PROVISIONING_PROFILE = "";
			};
			name = Release;
		};
/* End XCBuildConfiguration section */

/* Begin XCConfigurationList section */
		5BE5C4C51BAE1856009CC720 /* Build configuration list for PBXProject "VinliCloudbrain" */ = {
			isa = XCConfigurationList;
			buildConfigurations = (
				5BE5C4DF1BAE1856009CC720 /* Debug */,
				5BE5C4E01BAE1856009CC720 /* Release */,
			);
			defaultConfigurationIsVisible = 0;
			defaultConfigurationName = Release;
		};
		5BE5C4E11BAE1856009CC720 /* Build configuration list for PBXNativeTarget "VinliCloudbrain" */ = {
			isa = XCConfigurationList;
			buildConfigurations = (
				5BE5C4E21BAE1856009CC720 /* Debug */,
				5BE5C4E31BAE1856009CC720 /* Release */,
			);
			defaultConfigurationIsVisible = 0;
			defaultConfigurationName = Release;
		};
/* End XCConfigurationList section */
	};
	rootObject = 5BE5C4C21BAE1856009CC720 /* Project object */;
}
